
Microsoft Visual Studio Solution File, Format Version 12.00
# Visual Studio Version 16
VisualStudioVersion = 16.0.32929.386
MinimumVisualStudioVersion = 10.0.40219.1
Project("{FAE04EC0-301F-11D3-BF4B-00C04F79EFBC}") = "CSharpBasics", "CSharpBasics.csproj", "{8814BB75-4403-4F45-BF64-EC2218E5E1A2}"
EndProject
Global
	GlobalSection(SolutionConfigurationPlatforms) = preSolution
		Debug|Any CPU = Debug|Any CPU
		Release|Any CPU = Release|Any CPU
	EndGlobalSection
	GlobalSection(ProjectConfigurationPlatforms) = postSolution
		{8814BB75-4403-4F45-BF64-EC2218E5E1A2}.Debug|Any CPU.ActiveCfg = Debug|Any CPU
		{8814BB75-4403-4F45-BF64-EC2218E5E1A2}.Debug|Any CPU.Build.0 = Debug|Any CPU
		{8814BB75-4403-4F45-BF64-EC2218E5E1A2}.Release|Any CPU.ActiveCfg = Release|Any CPU
		{8814BB75-4403-4F45-BF64-EC2218E5E1A2}.Release|Any CPU.Build.0 = Release|Any CPU
	EndGlobalSection
	GlobalSection(SolutionProperties) = preSolution
		HideSolutionNode = FALSE
	EndGlobalSection
	GlobalSection(ExtensibilityGlobals) = postSolution
		SolutionGuid = {4A38337B-4F24-41D5-BCA9-CDAF8F538F72}
	EndGlobalSection
EndGlobal
