
Microsoft Visual Studio Solution File, Format Version 12.00
# Visual Studio Version 17
VisualStudioVersion = 17.3.32929.385
MinimumVisualStudioVersion = 10.0.40219.1
Project("{FAE04EC0-301F-11D3-BF4B-00C04F79EFBC}") = "BankApplication", "BankApplication\BankApplication.csproj", "{89BD4F27-2CAF-4545-801C-BD93857E40EA}"
EndProject
Project("{FAE04EC0-301F-11D3-BF4B-00C04F79EFBC}") = "BankApplication.Tests", "BankApplication.Tests\BankApplication.Tests.csproj", "{41C2D882-9CBF-421C-BC50-7D4AD2CE63C0}"
EndProject
Global
	GlobalSection(SolutionConfigurationPlatforms) = preSolution
		Debug|Any CPU = Debug|Any CPU
		Release|Any CPU = Release|Any CPU
	EndGlobalSection
	GlobalSection(ProjectConfigurationPlatforms) = postSolution
		{89BD4F27-2CAF-4545-801C-BD93857E40EA}.Debug|Any CPU.ActiveCfg = Debug|Any CPU
		{89BD4F27-2CAF-4545-801C-BD93857E40EA}.Debug|Any CPU.Build.0 = Debug|Any CPU
		{89BD4F27-2CAF-4545-801C-BD93857E40EA}.Release|Any CPU.ActiveCfg = Release|Any CPU
		{89BD4F27-2CAF-4545-801C-BD93857E40EA}.Release|Any CPU.Build.0 = Release|Any CPU
		{41C2D882-9CBF-421C-BC50-7D4AD2CE63C0}.Debug|Any CPU.ActiveCfg = Debug|Any CPU
		{41C2D882-9CBF-421C-BC50-7D4AD2CE63C0}.Debug|Any CPU.Build.0 = Debug|Any CPU
		{41C2D882-9CBF-421C-BC50-7D4AD2CE63C0}.Release|Any CPU.ActiveCfg = Release|Any CPU
		{41C2D882-9CBF-421C-BC50-7D4AD2CE63C0}.Release|Any CPU.Build.0 = Release|Any CPU
	EndGlobalSection
	GlobalSection(SolutionProperties) = preSolution
		HideSolutionNode = FALSE
	EndGlobalSection
	GlobalSection(ExtensibilityGlobals) = postSolution
		SolutionGuid = {3233D359-D580-420F-97DF-EBE1C3EDFECE}
	EndGlobalSection
EndGlobal
