
Microsoft Visual Studio Solution File, Format Version 12.00
# Visual Studio Version 17
VisualStudioVersion = 17.3.32804.467
MinimumVisualStudioVersion = 10.0.40219.1
Project("{FAE04EC0-301F-11D3-BF4B-00C04F79EFBC}") = "SwapUsingGenerics", "SwapUsingGenerics.csproj", "{18C1C133-2A20-4A11-A980-AA6E89A6F8F7}"
EndProject
Global
	GlobalSection(SolutionConfigurationPlatforms) = preSolution
		Debug|Any CPU = Debug|Any CPU
		Release|Any CPU = Release|Any CPU
	EndGlobalSection
	GlobalSection(ProjectConfigurationPlatforms) = postSolution
		{18C1C133-2A20-4A11-A980-AA6E89A6F8F7}.Debug|Any CPU.ActiveCfg = Debug|Any CPU
		{18C1C133-2A20-4A11-A980-AA6E89A6F8F7}.Debug|Any CPU.Build.0 = Debug|Any CPU
		{18C1C133-2A20-4A11-A980-AA6E89A6F8F7}.Release|Any CPU.ActiveCfg = Release|Any CPU
		{18C1C133-2A20-4A11-A980-AA6E89A6F8F7}.Release|Any CPU.Build.0 = Release|Any CPU
	EndGlobalSection
	GlobalSection(SolutionProperties) = preSolution
		HideSolutionNode = FALSE
	EndGlobalSection
	GlobalSection(ExtensibilityGlobals) = postSolution
		SolutionGuid = {84192209-15C0-4978-9E6C-30577F3EAAF5}
	EndGlobalSection
EndGlobal
