
Microsoft Visual Studio Solution File, Format Version 12.00
# Visual Studio Version 17
VisualStudioVersion = 17.3.32929.385
MinimumVisualStudioVersion = 10.0.40219.1
Project("{FAE04EC0-301F-11D3-BF4B-00C04F79EFBC}") = "Basics", "Basics.csproj", "{4022CAB6-59AE-4A3B-97E2-FFC742D50979}"
EndProject
Global
	GlobalSection(SolutionConfigurationPlatforms) = preSolution
		Debug|Any CPU = Debug|Any CPU
		Release|Any CPU = Release|Any CPU
	EndGlobalSection
	GlobalSection(ProjectConfigurationPlatforms) = postSolution
		{4022CAB6-59AE-4A3B-97E2-FFC742D50979}.Debug|Any CPU.ActiveCfg = Debug|Any CPU
		{4022CAB6-59AE-4A3B-97E2-FFC742D50979}.Debug|Any CPU.Build.0 = Debug|Any CPU
		{4022CAB6-59AE-4A3B-97E2-FFC742D50979}.Release|Any CPU.ActiveCfg = Release|Any CPU
		{4022CAB6-59AE-4A3B-97E2-FFC742D50979}.Release|Any CPU.Build.0 = Release|Any CPU
	EndGlobalSection
	GlobalSection(SolutionProperties) = preSolution
		HideSolutionNode = FALSE
	EndGlobalSection
	GlobalSection(ExtensibilityGlobals) = postSolution
		SolutionGuid = {0F538851-B46A-439A-BD6F-2D8A93BAE9F3}
	EndGlobalSection
EndGlobal
