
Microsoft Visual Studio Solution File, Format Version 12.00
# Visual Studio Version 17
VisualStudioVersion = 17.3.32929.385
MinimumVisualStudioVersion = 10.0.40219.1
Project("{FAE04EC0-301F-11D3-BF4B-00C04F79EFBC}") = "Encapsulation", "Encapsulation\Encapsulation.csproj", "{8E9FBA9F-1E88-4169-BA62-387BDBBD147F}"
EndProject
Global
	GlobalSection(SolutionConfigurationPlatforms) = preSolution
		Debug|Any CPU = Debug|Any CPU
		Release|Any CPU = Release|Any CPU
	EndGlobalSection
	GlobalSection(ProjectConfigurationPlatforms) = postSolution
		{8E9FBA9F-1E88-4169-BA62-387BDBBD147F}.Debug|Any CPU.ActiveCfg = Debug|Any CPU
		{8E9FBA9F-1E88-4169-BA62-387BDBBD147F}.Debug|Any CPU.Build.0 = Debug|Any CPU
		{8E9FBA9F-1E88-4169-BA62-387BDBBD147F}.Release|Any CPU.ActiveCfg = Release|Any CPU
		{8E9FBA9F-1E88-4169-BA62-387BDBBD147F}.Release|Any CPU.Build.0 = Release|Any CPU
	EndGlobalSection
	GlobalSection(SolutionProperties) = preSolution
		HideSolutionNode = FALSE
	EndGlobalSection
	GlobalSection(ExtensibilityGlobals) = postSolution
		SolutionGuid = {AC778B52-C6DC-43AA-B68F-9DAA4BCEB906}
	EndGlobalSection
EndGlobal
